{
  "lockfileVersion": 1,
  "configVersion": 1,
  "workspaces": {
    "": {
      "name": "skill-forge",
      "devDependencies": {
        "@types/bun": "latest",
      },
    },
    "packages/shared": {
      "name": "@skill-forge/shared",
      "version": "0.1.0",
    },
    "skills/code-graph": {
      "name": "@skill-forge/code-graph",
      "version": "0.1.0",
    },
    "skills/opencode-coder": {
      "name": "@mameikagou/opencode-coder",
      "version": "2.1.0",
      "bin": {
        "init-skill": "dist/init-skill.js",
      },
      "dependencies": {
        "@skill-forge/shared": "workspace:*",
      },
    },
    "skills/skill-auto-installer": {
      "name": "@skill-forge/skill-auto-installer",
      "version": "0.1.0",
    },
    "skills/write-skill": {
      "name": "@skill-forge/write-skill",
      "version": "0.1.0",
    },
  },
  "packages": {
    "@mameikagou/opencode-coder": ["@mameikagou/opencode-coder@workspace:skills/opencode-coder"],

    "@skill-forge/code-graph": ["@skill-forge/code-graph@workspace:skills/code-graph"],

    "@skill-forge/shared": ["@skill-forge/shared@workspace:packages/shared"],

    "@skill-forge/skill-auto-installer": ["@skill-forge/skill-auto-installer@workspace:skills/skill-auto-installer"],

    "@skill-forge/write-skill": ["@skill-forge/write-skill@workspace:skills/write-skill"],

    "@types/bun": ["@types/bun@1.3.11", "", { "dependencies": { "bun-types": "1.3.11" } }, "sha512-5vPne5QvtpjGpsGYXiFyycfpDF2ECyPcTSsFBMa0fraoxiQyMJ3SmuQIGhzPg2WJuWxVBoxWJ2kClYTcw/4fAg=="],

    "@types/node": ["@types/node@25.5.0", "", { "dependencies": { "undici-types": "~7.18.0" } }, "sha512-jp2P3tQMSxWugkCUKLRPVUpGaL5MVFwF8RDuSRztfwgN1wmqJeMSbKlnEtQqU8UrhTmzEmZdu2I6v2dpp7XIxw=="],

    "bun-types": ["bun-types@1.3.11", "", { "dependencies": { "@types/node": "*" } }, "sha512-1KGPpoxQWl9f6wcZh57LvrPIInQMn2TQ7jsgxqpRzg+l0QPOFvJVH7HmvHo/AiPgwXy+/Thf6Ov3EdVn1vOabg=="],

    "undici-types": ["undici-types@7.18.2", "", {}, "sha512-AsuCzffGHJybSaRrmr5eHr81mwJU3kjw6M+uprWvCXiNeN9SOGwQ3Jn8jb8m3Z6izVgknn1R0FTCEAP2QrLY/w=="],
  }
}
